{
    "_readme": [
        "This file locks the dependencies of your project to a known state",
        "Read more about it at https://getcomposer.org/doc/01-basic-usage.md#composer-lock-the-lock-file",
        "This file is @generated automatically"
    ],
    "content-hash": "63376107c7f995a3f0df72fe5122eac9",
    "packages": [
        {
            "name": "sixbank/php-sdk-gateway",
            "version": "v1.0.10",
            "source": {
                "type": "git",
                "url": "https://github.com/sixbank/SDK-PHP.git",
                "reference": "5c5588ee242df9c1722420532b18fc2796b4ea74"
            },
            "dist": {
                "type": "zip",
                "url": "https://api.github.com/repos/sixbank/SDK-PHP/zipball/5c5588ee242df9c1722420532b18fc2796b4ea74",
                "reference": "5c5588ee242df9c1722420532b18fc2796b4ea74",
                "shasum": ""
            },
            "require": {
                "ext-json": "*",
                "php": ">=7.2"
            },
            "type": "library",
            "autoload": {
                "psr-4": {
                    "Gateway\\API\\": "src/gateway/API/"
                },
                "psr-0": {
                    "Gateway\\API\\": "src/gateway/API"
                }
            },
            "notification-url": "https://packagist.org/downloads/",
            "license": [
                "MIT"
            ],
            "authors": [
                {
                    "name": "SixBank",
                    "email": "developer@sixbank.net"
                }
            ],
            "description": "SDK PHP for Gateway",
            "time": "2019-10-09T17:37:25+00:00"
        }
    ],
    "packages-dev": [],
    "aliases": [],
    "minimum-stability": "stable",
    "stability-flags": [],
    "prefer-stable": false,
    "prefer-lowest": false,
    "platform": {
        "ext-curl": "*",
        "ext-iconv": "*",
        "ext-json": "*",
        "ext-libxml": "*",
        "ext-mbstring": "*",
        "ext-simplexml": "*"
    },
    "platform-dev": []
}
