{
    "_readme": [
        "This file locks the dependencies of your project to a known state",
        "Read more about it at https://getcomposer.org/doc/01-basic-usage.md#composer-lock-the-lock-file",
        "This file is @generated automatically"
    ],
    "content-hash": "13ce9b5c6d94683943ed2d435004c111",
    "packages": [
        {
            "name": "brunopaz/php-sdk-gateway",
            "version": "v1.0.11",
            "source": {
                "type": "git",
                "url": "https://github.com/brunopazz/gateway.git",
                "reference": "f062279a761ae0837634b31c9bed647514069729"
            },
            "dist": {
                "type": "zip",
                "url": "https://api.github.com/repos/brunopazz/gateway/zipball/f062279a761ae0837634b31c9bed647514069729",
                "reference": "f062279a761ae0837634b31c9bed647514069729",
                "shasum": ""
            },
            "require": {
                "ext-json": "*",
                "php": ">=5.4.0"
            },
            "type": "library",
            "autoload": {
                "psr-4": {
                    "Gateway\\": "src/"
                }
            },
            "notification-url": "https://packagist.org/downloads/",
            "license": [
                "MIT"
            ],
            "authors": [
                {
                    "name": "Bruno Paz",
                    "email": "brunopaz@gmail.com"
                }
            ],
            "description": "SDK PHP for Gateway",
            "time": "2019-08-13T12:48:40+00:00"
        }
    ],
    "packages-dev": [],
    "aliases": [],
    "minimum-stability": "stable",
    "stability-flags": [],
    "prefer-stable": false,
    "prefer-lowest": false,
    "platform": {
        "ext-curl": "*",
        "ext-iconv": "*",
        "ext-json": "*",
        "ext-libxml": "*",
        "ext-mbstring": "*",
        "ext-simplexml": "*"
    },
    "platform-dev": []
}
